
Microsoft Visual Studio Solution File, Format Version 12.00
# Visual Studio 15
VisualStudioVersion = 15.0.27130.2024
MinimumVisualStudioVersion = 10.0.40219.1
Project("{FAE04EC0-301F-11D3-BF4B-00C04F79EFBC}") = "System Pharamacy", "System Pharamacy\System Pharamacy.csproj", "{725D1CC4-9319-473C-86DE-9251486AD994}"
EndProject
Global
	GlobalSection(SolutionConfigurationPlatforms) = preSolution
		Debug|Any CPU = Debug|Any CPU
		Release|Any CPU = Release|Any CPU
	EndGlobalSection
	GlobalSection(ProjectConfigurationPlatforms) = postSolution
		{725D1CC4-9319-473C-86DE-9251486AD994}.Debug|Any CPU.ActiveCfg = Debug|Any CPU
		{725D1CC4-9319-473C-86DE-9251486AD994}.Debug|Any CPU.Build.0 = Debug|Any CPU
		{725D1CC4-9319-473C-86DE-9251486AD994}.Release|Any CPU.ActiveCfg = Release|Any CPU
		{725D1CC4-9319-473C-86DE-9251486AD994}.Release|Any CPU.Build.0 = Release|Any CPU
	EndGlobalSection
	GlobalSection(SolutionProperties) = preSolution
		HideSolutionNode = FALSE
	EndGlobalSection
	GlobalSection(ExtensibilityGlobals) = postSolution
		SolutionGuid = {596C3868-AFA1-48F7-844C-D741FBF8680A}
	EndGlobalSection
EndGlobal
